// !$*UTF8*$!
{
	archiveVersion = 1;
	classes = {
	};
	objectVersion = 56;
	objects = {

/* Begin PBXBuildFile section */
		1E30237F293CB7E3002B6EA2 /* LandmarksApp.swift in Sources */ = {isa = PBXBuildFile; fileRef = 1E30237E293CB7E3002B6EA2 /* LandmarksApp.swift */; };
		1E302381293CB7E3002B6EA2 /* ContentView.swift in Sources */ = {isa = PBXBuildFile; fileRef = 1E302380293CB7E3002B6EA2 /* ContentView.swift */; };
		1E302383293CB7E5002B6EA2 /* Assets.xcassets in Resources */ = {isa = PBXBuildFile; fileRef = 1E302382293CB7E5002B6EA2 /* Assets.xcassets */; };
		1E302386293CB7E5002B6EA2 /* Preview Assets.xcassets in Resources */ = {isa = PBXBuildFile; fileRef = 1E302385293CB7E5002B6EA2 /* Preview Assets.xcassets */; };
		1E3FD2C9293CC10400C0782A /* CircleImage.swift in Sources */ = {isa = PBXBuildFile; fileRef = 1E3FD2C8293CC10400C0782A /* CircleImage.swift */; };
		1E3FD2CB293CC1C800C0782A /* MapView.swift in Sources */ = {isa = PBXBuildFile; fileRef = 1E3FD2CA293CC1C800C0782A /* MapView.swift */; };
		1E3FD2CD293CC7C700C0782A /* landmarkData.json in Resources */ = {isa = PBXBuildFile; fileRef = 1E3FD2CC293CC7C700C0782A /* landmarkData.json */; };
		1E3FD2CF293CC7FD00C0782A /* Landmark.swift in Sources */ = {isa = PBXBuildFile; fileRef = 1E3FD2CE293CC7FD00C0782A /* Landmark.swift */; };
		1E3FD2D1293CC91000C0782A /* ModelData.swift in Sources */ = {isa = PBXBuildFile; fileRef = 1E3FD2D0293CC91000C0782A /* ModelData.swift */; };
		1E3FD2D6293CCA9100C0782A /* LandmarkRow.swift in Sources */ = {isa = PBXBuildFile; fileRef = 1E3FD2D5293CCA9100C0782A /* LandmarkRow.swift */; };
		1E3FD2D8293CCC3900C0782A /* LandmarkList.swift in Sources */ = {isa = PBXBuildFile; fileRef = 1E3FD2D7293CCC3900C0782A /* LandmarkList.swift */; };
		1E3FD2DA293CCD1F00C0782A /* LandmarkDetail.swift in Sources */ = {isa = PBXBuildFile; fileRef = 1E3FD2D9293CCD1F00C0782A /* LandmarkDetail.swift */; };
		1E3FD2DC293CD60F00C0782A /* FavoriteButton.swift in Sources */ = {isa = PBXBuildFile; fileRef = 1E3FD2DB293CD60F00C0782A /* FavoriteButton.swift */; };
		1E3FD2E0293CD99A00C0782A /* HexagonParameters.swift in Sources */ = {isa = PBXBuildFile; fileRef = 1E3FD2DF293CD99A00C0782A /* HexagonParameters.swift */; };
		1E3FD2E2293CDA4F00C0782A /* BadgeBackground.swift in Sources */ = {isa = PBXBuildFile; fileRef = 1E3FD2E1293CDA4F00C0782A /* BadgeBackground.swift */; };
		1E3FD2E4293CDC0800C0782A /* BadgeSymbol.swift in Sources */ = {isa = PBXBuildFile; fileRef = 1E3FD2E3293CDC0800C0782A /* BadgeSymbol.swift */; };
		1E3FD2E6293CDC9A00C0782A /* RotatedBadgeSymbol.swift in Sources */ = {isa = PBXBuildFile; fileRef = 1E3FD2E5293CDC9A00C0782A /* RotatedBadgeSymbol.swift */; };
		1E3FD2E8293CDD2900C0782A /* Badge.swift in Sources */ = {isa = PBXBuildFile; fileRef = 1E3FD2E7293CDD2900C0782A /* Badge.swift */; };
		1E3FD2EB293CDEF400C0782A /* hikeData.json in Resources */ = {isa = PBXBuildFile; fileRef = 1E3FD2EA293CDEF400C0782A /* hikeData.json */; };
		1E3FD2ED293CDF0700C0782A /* Hike.swift in Sources */ = {isa = PBXBuildFile; fileRef = 1E3FD2EC293CDF0700C0782A /* Hike.swift */; };
		1E3FD2F3293CDF7100C0782A /* GraphCapsule.swift in Sources */ = {isa = PBXBuildFile; fileRef = 1E3FD2EF293CDF7100C0782A /* GraphCapsule.swift */; };
		1E3FD2F4293CDF7100C0782A /* HikeGraph.swift in Sources */ = {isa = PBXBuildFile; fileRef = 1E3FD2F0293CDF7100C0782A /* HikeGraph.swift */; };
		1E3FD2F5293CDF7100C0782A /* HikeDetail.swift in Sources */ = {isa = PBXBuildFile; fileRef = 1E3FD2F1293CDF7100C0782A /* HikeDetail.swift */; };
		1E3FD2F6293CDF7100C0782A /* HikeView.swift in Sources */ = {isa = PBXBuildFile; fileRef = 1E3FD2F2293CDF7100C0782A /* HikeView.swift */; };
		1E3FD2F8293ED83F00C0782A /* CategoryHome.swift in Sources */ = {isa = PBXBuildFile; fileRef = 1E3FD2F7293ED83F00C0782A /* CategoryHome.swift */; };
		1EE29C14293EDA310069BDF6 /* CategoryRow.swift in Sources */ = {isa = PBXBuildFile; fileRef = 1EE29C13293EDA310069BDF6 /* CategoryRow.swift */; };
		1EE29C16293EDAE70069BDF6 /* CategoryItem.swift in Sources */ = {isa = PBXBuildFile; fileRef = 1EE29C15293EDAE70069BDF6 /* CategoryItem.swift */; };
		1EE29C18293EDDC00069BDF6 /* Profile.swift in Sources */ = {isa = PBXBuildFile; fileRef = 1EE29C17293EDDC00069BDF6 /* Profile.swift */; };
		1EE29C1B293EDDF60069BDF6 /* ProfileHost.swift in Sources */ = {isa = PBXBuildFile; fileRef = 1EE29C1A293EDDF60069BDF6 /* ProfileHost.swift */; };
		1EE29C1D293EDE340069BDF6 /* ProfileSummary.swift in Sources */ = {isa = PBXBuildFile; fileRef = 1EE29C1C293EDE340069BDF6 /* ProfileSummary.swift */; };
		1EE29C1F293EDE900069BDF6 /* HikeBadge.swift in Sources */ = {isa = PBXBuildFile; fileRef = 1EE29C1E293EDE900069BDF6 /* HikeBadge.swift */; };
/* End PBXBuildFile section */

/* Begin PBXFileReference section */
		1E30237B293CB7E3002B6EA2 /* Landmarks.app */ = {isa = PBXFileReference; explicitFileType = wrapper.application; includeInIndex = 0; path = Landmarks.app; sourceTree = BUILT_PRODUCTS_DIR; };
		1E30237E293CB7E3002B6EA2 /* LandmarksApp.swift */ = {isa = PBXFileReference; lastKnownFileType = sourcecode.swift; path = LandmarksApp.swift; sourceTree = "<group>"; };
		1E302380293CB7E3002B6EA2 /* ContentView.swift */ = {isa = PBXFileReference; lastKnownFileType = sourcecode.swift; path = ContentView.swift; sourceTree = "<group>"; };
		1E302382293CB7E5002B6EA2 /* Assets.xcassets */ = {isa = PBXFileReference; lastKnownFileType = folder.assetcatalog; path = Assets.xcassets; sourceTree = "<group>"; };
		1E302385293CB7E5002B6EA2 /* Preview Assets.xcassets */ = {isa = PBXFileReference; lastKnownFileType = folder.assetcatalog; path = "Preview Assets.xcassets"; sourceTree = "<group>"; };
		1E3FD2C8293CC10400C0782A /* CircleImage.swift */ = {isa = PBXFileReference; lastKnownFileType = sourcecode.swift; path = CircleImage.swift; sourceTree = "<group>"; };
		1E3FD2CA293CC1C800C0782A /* MapView.swift */ = {isa = PBXFileReference; lastKnownFileType = sourcecode.swift; path = MapView.swift; sourceTree = "<group>"; };
		1E3FD2CC293CC7C700C0782A /* landmarkData.json */ = {isa = PBXFileReference; fileEncoding = 4; lastKnownFileType = text.json; path = landmarkData.json; sourceTree = "<group>"; };
		1E3FD2CE293CC7FD00C0782A /* Landmark.swift */ = {isa = PBXFileReference; lastKnownFileType = sourcecode.swift; path = Landmark.swift; sourceTree = "<group>"; };
		1E3FD2D0293CC91000C0782A /* ModelData.swift */ = {isa = PBXFileReference; lastKnownFileType = sourcecode.swift; path = ModelData.swift; sourceTree = "<group>"; };
		1E3FD2D5293CCA9100C0782A /* LandmarkRow.swift */ = {isa = PBXFileReference; lastKnownFileType = sourcecode.swift; path = LandmarkRow.swift; sourceTree = "<group>"; };
		1E3FD2D7293CCC3900C0782A /* LandmarkList.swift */ = {isa = PBXFileReference; lastKnownFileType = sourcecode.swift; path = LandmarkList.swift; sourceTree = "<group>"; };
		1E3FD2D9293CCD1F00C0782A /* LandmarkDetail.swift */ = {isa = PBXFileReference; lastKnownFileType = sourcecode.swift; path = LandmarkDetail.swift; sourceTree = "<group>"; };
		1E3FD2DB293CD60F00C0782A /* FavoriteButton.swift */ = {isa = PBXFileReference; lastKnownFileType = sourcecode.swift; path = FavoriteButton.swift; sourceTree = "<group>"; };
		1E3FD2DF293CD99A00C0782A /* HexagonParameters.swift */ = {isa = PBXFileReference; lastKnownFileType = sourcecode.swift; path = HexagonParameters.swift; sourceTree = "<group>"; };
		1E3FD2E1293CDA4F00C0782A /* BadgeBackground.swift */ = {isa = PBXFileReference; lastKnownFileType = sourcecode.swift; path = BadgeBackground.swift; sourceTree = "<group>"; };
		1E3FD2E3293CDC0800C0782A /* BadgeSymbol.swift */ = {isa = PBXFileReference; lastKnownFileType = sourcecode.swift; path = BadgeSymbol.swift; sourceTree = "<group>"; };
		1E3FD2E5293CDC9A00C0782A /* RotatedBadgeSymbol.swift */ = {isa = PBXFileReference; lastKnownFileType = sourcecode.swift; path = RotatedBadgeSymbol.swift; sourceTree = "<group>"; };
		1E3FD2E7293CDD2900C0782A /* Badge.swift */ = {isa = PBXFileReference; lastKnownFileType = sourcecode.swift; path = Badge.swift; sourceTree = "<group>"; };
		1E3FD2EA293CDEF400C0782A /* hikeData.json */ = {isa = PBXFileReference; fileEncoding = 4; lastKnownFileType = text.json; path = hikeData.json; sourceTree = "<group>"; };
		1E3FD2EC293CDF0700C0782A /* Hike.swift */ = {isa = PBXFileReference; lastKnownFileType = sourcecode.swift; path = Hike.swift; sourceTree = "<group>"; };
		1E3FD2EF293CDF7100C0782A /* GraphCapsule.swift */ = {isa = PBXFileReference; fileEncoding = 4; lastKnownFileType = sourcecode.swift; path = GraphCapsule.swift; sourceTree = "<group>"; };
		1E3FD2F0293CDF7100C0782A /* HikeGraph.swift */ = {isa = PBXFileReference; fileEncoding = 4; lastKnownFileType = sourcecode.swift; path = HikeGraph.swift; sourceTree = "<group>"; };
		1E3FD2F1293CDF7100C0782A /* HikeDetail.swift */ = {isa = PBXFileReference; fileEncoding = 4; lastKnownFileType = sourcecode.swift; path = HikeDetail.swift; sourceTree = "<group>"; };
		1E3FD2F2293CDF7100C0782A /* HikeView.swift */ = {isa = PBXFileReference; fileEncoding = 4; lastKnownFileType = sourcecode.swift; path = HikeView.swift; sourceTree = "<group>"; };
		1E3FD2F7293ED83F00C0782A /* CategoryHome.swift */ = {isa = PBXFileReference; lastKnownFileType = sourcecode.swift; path = CategoryHome.swift; sourceTree = "<group>"; };
		1EE29C13293EDA310069BDF6 /* CategoryRow.swift */ = {isa = PBXFileReference; lastKnownFileType = sourcecode.swift; path = CategoryRow.swift; sourceTree = "<group>"; };
		1EE29C15293EDAE70069BDF6 /* CategoryItem.swift */ = {isa = PBXFileReference; lastKnownFileType = sourcecode.swift; path = CategoryItem.swift; sourceTree = "<group>"; };
		1EE29C17293EDDC00069BDF6 /* Profile.swift */ = {isa = PBXFileReference; lastKnownFileType = sourcecode.swift; path = Profile.swift; sourceTree = "<group>"; };
		1EE29C1A293EDDF60069BDF6 /* ProfileHost.swift */ = {isa = PBXFileReference; lastKnownFileType = sourcecode.swift; path = ProfileHost.swift; sourceTree = "<group>"; };
		1EE29C1C293EDE340069BDF6 /* ProfileSummary.swift */ = {isa = PBXFileReference; lastKnownFileType = sourcecode.swift; path = ProfileSummary.swift; sourceTree = "<group>"; };
		1EE29C1E293EDE900069BDF6 /* HikeBadge.swift */ = {isa = PBXFileReference; lastKnownFileType = sourcecode.swift; path = HikeBadge.swift; sourceTree = "<group>"; };
/* End PBXFileReference section */

/* Begin PBXFrameworksBuildPhase section */
		1E302378293CB7E3002B6EA2 /* Frameworks */ = {
			isa = PBXFrameworksBuildPhase;
			buildActionMask = 2147483647;
			files = (
			);
			runOnlyForDeploymentPostprocessing = 0;
		};
/* End PBXFrameworksBuildPhase section */

/* Begin PBXGroup section */
		1E302372293CB7E3002B6EA2 = {
			isa = PBXGroup;
			children = (
				1E30237D293CB7E3002B6EA2 /* Landmarks */,
				1E30237C293CB7E3002B6EA2 /* Products */,
			);
			sourceTree = "<group>";
		};
		1E30237C293CB7E3002B6EA2 /* Products */ = {
			isa = PBXGroup;
			children = (
				1E30237B293CB7E3002B6EA2 /* Landmarks.app */,
			);
			name = Products;
			sourceTree = "<group>";
		};
		1E30237D293CB7E3002B6EA2 /* Landmarks */ = {
			isa = PBXGroup;
			children = (
				1E3FD2D4293CCA0400C0782A /* Resources */,
				1E3FD2D3293CC9E700C0782A /* Model */,
				1E30237E293CB7E3002B6EA2 /* LandmarksApp.swift */,
				1E3FD2D2293CC9C900C0782A /* Views */,
				1E302382293CB7E5002B6EA2 /* Assets.xcassets */,
				1E302384293CB7E5002B6EA2 /* Preview Content */,
			);
			path = Landmarks;
			sourceTree = "<group>";
		};
		1E302384293CB7E5002B6EA2 /* Preview Content */ = {
			isa = PBXGroup;
			children = (
				1E302385293CB7E5002B6EA2 /* Preview Assets.xcassets */,
			);
			path = "Preview Content";
			sourceTree = "<group>";
		};
		1E3FD2D2293CC9C900C0782A /* Views */ = {
			isa = PBXGroup;
			children = (
				1EE29C19293EDDE30069BDF6 /* Profiles */,
				1E3FD2EE293CDF7100C0782A /* Hikes */,
				1E3FD2DE293CD6B500C0782A /* Landmarks */,
				1E3FD2DD293CD6A200C0782A /* Helpers */,
				1E302380293CB7E3002B6EA2 /* ContentView.swift */,
				1E3FD2E9293CDDA300C0782A /* Badges */,
				1E3FD2F7293ED83F00C0782A /* CategoryHome.swift */,
				1EE29C13293EDA310069BDF6 /* CategoryRow.swift */,
				1EE29C15293EDAE70069BDF6 /* CategoryItem.swift */,
			);
			path = Views;
			sourceTree = "<group>";
		};
		1E3FD2D3293CC9E700C0782A /* Model */ = {
			isa = PBXGroup;
			children = (
				1E3FD2CE293CC7FD00C0782A /* Landmark.swift */,
				1E3FD2D0293CC91000C0782A /* ModelData.swift */,
				1E3FD2EC293CDF0700C0782A /* Hike.swift */,
				1EE29C17293EDDC00069BDF6 /* Profile.swift */,
			);
			path = Model;
			sourceTree = "<group>";
		};
		1E3FD2D4293CCA0400C0782A /* Resources */ = {
			isa = PBXGroup;
			children = (
				1E3FD2EA293CDEF400C0782A /* hikeData.json */,
				1E3FD2CC293CC7C700C0782A /* landmarkData.json */,
			);
			path = Resources;
			sourceTree = "<group>";
		};
		1E3FD2DD293CD6A200C0782A /* Helpers */ = {
			isa = PBXGroup;
			children = (
				1E3FD2DB293CD60F00C0782A /* FavoriteButton.swift */,
				1E3FD2C8293CC10400C0782A /* CircleImage.swift */,
				1E3FD2CA293CC1C800C0782A /* MapView.swift */,
			);
			path = Helpers;
			sourceTree = "<group>";
		};
		1E3FD2DE293CD6B500C0782A /* Landmarks */ = {
			isa = PBXGroup;
			children = (
				1E3FD2D5293CCA9100C0782A /* LandmarkRow.swift */,
				1E3FD2D7293CCC3900C0782A /* LandmarkList.swift */,
				1E3FD2D9293CCD1F00C0782A /* LandmarkDetail.swift */,
			);
			path = Landmarks;
			sourceTree = "<group>";
		};
		1E3FD2E9293CDDA300C0782A /* Badges */ = {
			isa = PBXGroup;
			children = (
				1E3FD2DF293CD99A00C0782A /* HexagonParameters.swift */,
				1E3FD2E1293CDA4F00C0782A /* BadgeBackground.swift */,
				1E3FD2E3293CDC0800C0782A /* BadgeSymbol.swift */,
				1E3FD2E5293CDC9A00C0782A /* RotatedBadgeSymbol.swift */,
				1E3FD2E7293CDD2900C0782A /* Badge.swift */,
			);
			path = Badges;
			sourceTree = "<group>";
		};
		1E3FD2EE293CDF7100C0782A /* Hikes */ = {
			isa = PBXGroup;
			children = (
				1E3FD2EF293CDF7100C0782A /* GraphCapsule.swift */,
				1E3FD2F0293CDF7100C0782A /* HikeGraph.swift */,
				1E3FD2F1293CDF7100C0782A /* HikeDetail.swift */,
				1E3FD2F2293CDF7100C0782A /* HikeView.swift */,
				1EE29C1E293EDE900069BDF6 /* HikeBadge.swift */,
			);
			path = Hikes;
			sourceTree = "<group>";
		};
		1EE29C19293EDDE30069BDF6 /* Profiles */ = {
			isa = PBXGroup;
			children = (
				1EE29C1A293EDDF60069BDF6 /* ProfileHost.swift */,
				1EE29C1C293EDE340069BDF6 /* ProfileSummary.swift */,
			);
			path = Profiles;
			sourceTree = "<group>";
		};
/* End PBXGroup section */

/* Begin PBXNativeTarget section */
		1E30237A293CB7E3002B6EA2 /* Landmarks */ = {
			isa = PBXNativeTarget;
			buildConfigurationList = 1E302389293CB7E5002B6EA2 /* Build configuration list for PBXNativeTarget "Landmarks" */;
			buildPhases = (
				1E302377293CB7E3002B6EA2 /* Sources */,
				1E302378293CB7E3002B6EA2 /* Frameworks */,
				1E302379293CB7E3002B6EA2 /* Resources */,
			);
			buildRules = (
			);
			dependencies = (
			);
			name = Landmarks;
			productName = Landmarks;
			productReference = 1E30237B293CB7E3002B6EA2 /* Landmarks.app */;
			productType = "com.apple.product-type.application";
		};
/* End PBXNativeTarget section */

/* Begin PBXProject section */
		1E302373293CB7E3002B6EA2 /* Project object */ = {
			isa = PBXProject;
			attributes = {
				BuildIndependentTargetsInParallel = 1;
				LastSwiftUpdateCheck = 1410;
				LastUpgradeCheck = 1410;
				TargetAttributes = {
					1E30237A293CB7E3002B6EA2 = {
						CreatedOnToolsVersion = 14.1;
					};
				};
			};
			buildConfigurationList = 1E302376293CB7E3002B6EA2 /* Build configuration list for PBXProject "Landmarks" */;
			compatibilityVersion = "Xcode 14.0";
			developmentRegion = en;
			hasScannedForEncodings = 0;
			knownRegions = (
				en,
				Base,
			);
			mainGroup = 1E302372293CB7E3002B6EA2;
			productRefGroup = 1E30237C293CB7E3002B6EA2 /* Products */;
			projectDirPath = "";
			projectRoot = "";
			targets = (
				1E30237A293CB7E3002B6EA2 /* Landmarks */,
			);
		};
/* End PBXProject section */

/* Begin PBXResourcesBuildPhase section */
		1E302379293CB7E3002B6EA2 /* Resources */ = {
			isa = PBXResourcesBuildPhase;
			buildActionMask = 2147483647;
			files = (
				1E3FD2EB293CDEF400C0782A /* hikeData.json in Resources */,
				1E302386293CB7E5002B6EA2 /* Preview Assets.xcassets in Resources */,
				1E302383293CB7E5002B6EA2 /* Assets.xcassets in Resources */,
				1E3FD2CD293CC7C700C0782A /* landmarkData.json in Resources */,
			);
			runOnlyForDeploymentPostprocessing = 0;
		};
/* End PBXResourcesBuildPhase section */

/* Begin PBXSourcesBuildPhase section */
		1E302377293CB7E3002B6EA2 /* Sources */ = {
			isa = PBXSourcesBuildPhase;
			buildActionMask = 2147483647;
			files = (
				1EE29C14293EDA310069BDF6 /* CategoryRow.swift in Sources */,
				1EE29C18293EDDC00069BDF6 /* Profile.swift in Sources */,
				1E302381293CB7E3002B6EA2 /* ContentView.swift in Sources */,
				1E3FD2F8293ED83F00C0782A /* CategoryHome.swift in Sources */,
				1E3FD2F4293CDF7100C0782A /* HikeGraph.swift in Sources */,
				1E3FD2E8293CDD2900C0782A /* Badge.swift in Sources */,
				1E3FD2CB293CC1C800C0782A /* MapView.swift in Sources */,
				1E3FD2F3293CDF7100C0782A /* GraphCapsule.swift in Sources */,
				1E30237F293CB7E3002B6EA2 /* LandmarksApp.swift in Sources */,
				1E3FD2DC293CD60F00C0782A /* FavoriteButton.swift in Sources */,
				1EE29C16293EDAE70069BDF6 /* CategoryItem.swift in Sources */,
				1E3FD2F5293CDF7100C0782A /* HikeDetail.swift in Sources */,
				1EE29C1D293EDE340069BDF6 /* ProfileSummary.swift in Sources */,
				1E3FD2E0293CD99A00C0782A /* HexagonParameters.swift in Sources */,
				1EE29C1B293EDDF60069BDF6 /* ProfileHost.swift in Sources */,
				1E3FD2ED293CDF0700C0782A /* Hike.swift in Sources */,
				1E3FD2E6293CDC9A00C0782A /* RotatedBadgeSymbol.swift in Sources */,
				1E3FD2E4293CDC0800C0782A /* BadgeSymbol.swift in Sources */,
				1E3FD2D8293CCC3900C0782A /* LandmarkList.swift in Sources */,
				1E3FD2F6293CDF7100C0782A /* HikeView.swift in Sources */,
				1E3FD2DA293CCD1F00C0782A /* LandmarkDetail.swift in Sources */,
				1E3FD2E2293CDA4F00C0782A /* BadgeBackground.swift in Sources */,
				1EE29C1F293EDE900069BDF6 /* HikeBadge.swift in Sources */,
				1E3FD2C9293CC10400C0782A /* CircleImage.swift in Sources */,
				1E3FD2CF293CC7FD00C0782A /* Landmark.swift in Sources */,
				1E3FD2D6293CCA9100C0782A /* LandmarkRow.swift in Sources */,
				1E3FD2D1293CC91000C0782A /* ModelData.swift in Sources */,
			);
			runOnlyForDeploymentPostprocessing = 0;
		};
/* End PBXSourcesBuildPhase section */

/* Begin XCBuildConfiguration section */
		1E302387293CB7E5002B6EA2 /* Debug */ = {
			isa = XCBuildConfiguration;
			buildSettings = {
				ALWAYS_SEARCH_USER_PATHS = NO;
				CLANG_ANALYZER_NONNULL = YES;
				CLANG_ANALYZER_NUMBER_OBJECT_CONVERSION = YES_AGGRESSIVE;
				CLANG_CXX_LANGUAGE_STANDARD = "gnu++20";
				CLANG_ENABLE_MODULES = YES;
				CLANG_ENABLE_OBJC_ARC = YES;
				CLANG_ENABLE_OBJC_WEAK = YES;
				CLANG_WARN_BLOCK_CAPTURE_AUTORELEASING = YES;
				CLANG_WARN_BOOL_CONVERSION = YES;
				CLANG_WARN_COMMA = YES;
				CLANG_WARN_CONSTANT_CONVERSION = YES;
				CLANG_WARN_DEPRECATED_OBJC_IMPLEMENTATIONS = YES;
				CLANG_WARN_DIRECT_OBJC_ISA_USAGE = YES_ERROR;
				CLANG_WARN_DOCUMENTATION_COMMENTS = YES;
				CLANG_WARN_EMPTY_BODY = YES;
				CLANG_WARN_ENUM_CONVERSION = YES;
				CLANG_WARN_INFINITE_RECURSION = YES;
				CLANG_WARN_INT_CONVERSION = YES;
				CLANG_WARN_NON_LITERAL_NULL_CONVERSION = YES;
				CLANG_WARN_OBJC_IMPLICIT_RETAIN_SELF = YES;
				CLANG_WARN_OBJC_LITERAL_CONVERSION = YES;
				CLANG_WARN_OBJC_ROOT_CLASS = YES_ERROR;
				CLANG_WARN_QUOTED_INCLUDE_IN_FRAMEWORK_HEADER = YES;
				CLANG_WARN_RANGE_LOOP_ANALYSIS = YES;
				CLANG_WARN_STRICT_PROTOTYPES = YES;
				CLANG_WARN_SUSPICIOUS_MOVE = YES;
				CLANG_WARN_UNGUARDED_AVAILABILITY = YES_AGGRESSIVE;
				CLANG_WARN_UNREACHABLE_CODE = YES;
				CLANG_WARN__DUPLICATE_METHOD_MATCH = YES;
				COPY_PHASE_STRIP = NO;
				DEBUG_INFORMATION_FORMAT = dwarf;
				ENABLE_STRICT_OBJC_MSGSEND = YES;
				ENABLE_TESTABILITY = YES;
				GCC_C_LANGUAGE_STANDARD = gnu11;
				GCC_DYNAMIC_NO_PIC = NO;
				GCC_NO_COMMON_BLOCKS = YES;
				GCC_OPTIMIZATION_LEVEL = 0;
				GCC_PREPROCESSOR_DEFINITIONS = (
					"DEBUG=1",
					"$(inherited)",
				);
				GCC_WARN_64_TO_32_BIT_CONVERSION = YES;
				GCC_WARN_ABOUT_RETURN_TYPE = YES_ERROR;
				GCC_WARN_UNDECLARED_SELECTOR = YES;
				GCC_WARN_UNINITIALIZED_AUTOS = YES_AGGRESSIVE;
				GCC_WARN_UNUSED_FUNCTION = YES;
				GCC_WARN_UNUSED_VARIABLE = YES;
				IPHONEOS_DEPLOYMENT_TARGET = 16.1;
				MTL_ENABLE_DEBUG_INFO = INCLUDE_SOURCE;
				MTL_FAST_MATH = YES;
				ONLY_ACTIVE_ARCH = YES;
				SDKROOT = iphoneos;
				SWIFT_ACTIVE_COMPILATION_CONDITIONS = DEBUG;
				SWIFT_OPTIMIZATION_LEVEL = "-Onone";
			};
			name = Debug;
		};
		1E302388293CB7E5002B6EA2 /* Release */ = {
			isa = XCBuildConfiguration;
			buildSettings = {
				ALWAYS_SEARCH_USER_PATHS = NO;
				CLANG_ANALYZER_NONNULL = YES;
				CLANG_ANALYZER_NUMBER_OBJECT_CONVERSION = YES_AGGRESSIVE;
				CLANG_CXX_LANGUAGE_STANDARD = "gnu++20";
				CLANG_ENABLE_MODULES = YES;
				CLANG_ENABLE_OBJC_ARC = YES;
				CLANG_ENABLE_OBJC_WEAK = YES;
				CLANG_WARN_BLOCK_CAPTURE_AUTORELEASING = YES;
				CLANG_WARN_BOOL_CONVERSION = YES;
				CLANG_WARN_COMMA = YES;
				CLANG_WARN_CONSTANT_CONVERSION = YES;
				CLANG_WARN_DEPRECATED_OBJC_IMPLEMENTATIONS = YES;
				CLANG_WARN_DIRECT_OBJC_ISA_USAGE = YES_ERROR;
				CLANG_WARN_DOCUMENTATION_COMMENTS = YES;
				CLANG_WARN_EMPTY_BODY = YES;
				CLANG_WARN_ENUM_CONVERSION = YES;
				CLANG_WARN_INFINITE_RECURSION = YES;
				CLANG_WARN_INT_CONVERSION = YES;
				CLANG_WARN_NON_LITERAL_NULL_CONVERSION = YES;
				CLANG_WARN_OBJC_IMPLICIT_RETAIN_SELF = YES;
				CLANG_WARN_OBJC_LITERAL_CONVERSION = YES;
				CLANG_WARN_OBJC_ROOT_CLASS = YES_ERROR;
				CLANG_WARN_QUOTED_INCLUDE_IN_FRAMEWORK_HEADER = YES;
				CLANG_WARN_RANGE_LOOP_ANALYSIS = YES;
				CLANG_WARN_STRICT_PROTOTYPES = YES;
				CLANG_WARN_SUSPICIOUS_MOVE = YES;
				CLANG_WARN_UNGUARDED_AVAILABILITY = YES_AGGRESSIVE;
				CLANG_WARN_UNREACHABLE_CODE = YES;
				CLANG_WARN__DUPLICATE_METHOD_MATCH = YES;
				COPY_PHASE_STRIP = NO;
				DEBUG_INFORMATION_FORMAT = "dwarf-with-dsym";
				ENABLE_NS_ASSERTIONS = NO;
				ENABLE_STRICT_OBJC_MSGSEND = YES;
				GCC_C_LANGUAGE_STANDARD = gnu11;
				GCC_NO_COMMON_BLOCKS = YES;
				GCC_WARN_64_TO_32_BIT_CONVERSION = YES;
				GCC_WARN_ABOUT_RETURN_TYPE = YES_ERROR;
				GCC_WARN_UNDECLARED_SELECTOR = YES;
				GCC_WARN_UNINITIALIZED_AUTOS = YES_AGGRESSIVE;
				GCC_WARN_UNUSED_FUNCTION = YES;
				GCC_WARN_UNUSED_VARIABLE = YES;
				IPHONEOS_DEPLOYMENT_TARGET = 16.1;
				MTL_ENABLE_DEBUG_INFO = NO;
				MTL_FAST_MATH = YES;
				SDKROOT = iphoneos;
				SWIFT_COMPILATION_MODE = wholemodule;
				SWIFT_OPTIMIZATION_LEVEL = "-O";
				VALIDATE_PRODUCT = YES;
			};
			name = Release;
		};
		1E30238A293CB7E5002B6EA2 /* Debug */ = {
			isa = XCBuildConfiguration;
			buildSettings = {
				ASSETCATALOG_COMPILER_APPICON_NAME = AppIcon;
				ASSETCATALOG_COMPILER_GLOBAL_ACCENT_COLOR_NAME = AccentColor;
				CODE_SIGN_STYLE = Automatic;
				CURRENT_PROJECT_VERSION = 1;
				DEVELOPMENT_ASSET_PATHS = "\"Landmarks/Preview Content\"";
				ENABLE_PREVIEWS = YES;
				GENERATE_INFOPLIST_FILE = YES;
				INFOPLIST_KEY_UIApplicationSceneManifest_Generation = YES;
				INFOPLIST_KEY_UIApplicationSupportsIndirectInputEvents = YES;
				INFOPLIST_KEY_UILaunchScreen_Generation = YES;
				INFOPLIST_KEY_UISupportedInterfaceOrientations_iPad = "UIInterfaceOrientationPortrait UIInterfaceOrientationPortraitUpsideDown UIInterfaceOrientationLandscapeLeft UIInterfaceOrientationLandscapeRight";
				INFOPLIST_KEY_UISupportedInterfaceOrientations_iPhone = "UIInterfaceOrientationPortrait UIInterfaceOrientationLandscapeLeft UIInterfaceOrientationLandscapeRight";
				LD_RUNPATH_SEARCH_PATHS = (
					"$(inherited)",
					"@executable_path/Frameworks",
				);
				MARKETING_VERSION = 1.0;
				PRODUCT_BUNDLE_IDENTIFIER = me.adithya321.Landmarks;
				PRODUCT_NAME = "$(TARGET_NAME)";
				SWIFT_EMIT_LOC_STRINGS = YES;
				SWIFT_VERSION = 5.0;
				TARGETED_DEVICE_FAMILY = "1,2";
			};
			name = Debug;
		};
		1E30238B293CB7E5002B6EA2 /* Release */ = {
			isa = XCBuildConfiguration;
			buildSettings = {
				ASSETCATALOG_COMPILER_APPICON_NAME = AppIcon;
				ASSETCATALOG_COMPILER_GLOBAL_ACCENT_COLOR_NAME = AccentColor;
				CODE_SIGN_STYLE = Automatic;
				CURRENT_PROJECT_VERSION = 1;
				DEVELOPMENT_ASSET_PATHS = "\"Landmarks/Preview Content\"";
				ENABLE_PREVIEWS = YES;
				GENERATE_INFOPLIST_FILE = YES;
				INFOPLIST_KEY_UIApplicationSceneManifest_Generation = YES;
				INFOPLIST_KEY_UIApplicationSupportsIndirectInputEvents = YES;
				INFOPLIST_KEY_UILaunchScreen_Generation = YES;
				INFOPLIST_KEY_UISupportedInterfaceOrientations_iPad = "UIInterfaceOrientationPortrait UIInterfaceOrientationPortraitUpsideDown UIInterfaceOrientationLandscapeLeft UIInterfaceOrientationLandscapeRight";
				INFOPLIST_KEY_UISupportedInterfaceOrientations_iPhone = "UIInterfaceOrientationPortrait UIInterfaceOrientationLandscapeLeft UIInterfaceOrientationLandscapeRight";
				LD_RUNPATH_SEARCH_PATHS = (
					"$(inherited)",
					"@executable_path/Frameworks",
				);
				MARKETING_VERSION = 1.0;
				PRODUCT_BUNDLE_IDENTIFIER = me.adithya321.Landmarks;
				PRODUCT_NAME = "$(TARGET_NAME)";
				SWIFT_EMIT_LOC_STRINGS = YES;
				SWIFT_VERSION = 5.0;
				TARGETED_DEVICE_FAMILY = "1,2";
			};
			name = Release;
		};
/* End XCBuildConfiguration section */

/* Begin XCConfigurationList section */
		1E302376293CB7E3002B6EA2 /* Build configuration list for PBXProject "Landmarks" */ = {
			isa = XCConfigurationList;
			buildConfigurations = (
				1E302387293CB7E5002B6EA2 /* Debug */,
				1E302388293CB7E5002B6EA2 /* Release */,
			);
			defaultConfigurationIsVisible = 0;
			defaultConfigurationName = Release;
		};
		1E302389293CB7E5002B6EA2 /* Build configuration list for PBXNativeTarget "Landmarks" */ = {
			isa = XCConfigurationList;
			buildConfigurations = (
				1E30238A293CB7E5002B6EA2 /* Debug */,
				1E30238B293CB7E5002B6EA2 /* Release */,
			);
			defaultConfigurationIsVisible = 0;
			defaultConfigurationName = Release;
		};
/* End XCConfigurationList section */
	};
	rootObject = 1E302373293CB7E3002B6EA2 /* Project object */;
}
